
Microsoft Visual Studio Solution File, Format Version 12.00
# Visual Studio 14
VisualStudioVersion = 14.0.25420.1
MinimumVisualStudioVersion = 10.0.40219.1
Project("{FAE04EC0-301F-11D3-BF4B-00C04F79EFBC}") = "NServiceBus.Deduplication", "NServiceBus.Deduplication\NServiceBus.Deduplication.csproj", "{CA1068D8-0810-4336-945B-9931A21DC1D7}"
EndProject
Project("{FAE04EC0-301F-11D3-BF4B-00C04F79EFBC}") = "NServiceBus.Deduplication.AzureTableStorage", "NServiceBus.Deduplication.AzureTableStorage\NServiceBus.Deduplication.AzureTableStorage.csproj", "{D59EDDEE-C430-4744-9006-6079A49EAEEA}"
EndProject
Global
	GlobalSection(SolutionConfigurationPlatforms) = preSolution
		Debug|Any CPU = Debug|Any CPU
		Release|Any CPU = Release|Any CPU
	EndGlobalSection
	GlobalSection(ProjectConfigurationPlatforms) = postSolution
		{CA1068D8-0810-4336-945B-9931A21DC1D7}.Debug|Any CPU.ActiveCfg = Debug|Any CPU
		{CA1068D8-0810-4336-945B-9931A21DC1D7}.Debug|Any CPU.Build.0 = Debug|Any CPU
		{CA1068D8-0810-4336-945B-9931A21DC1D7}.Release|Any CPU.ActiveCfg = Release|Any CPU
		{CA1068D8-0810-4336-945B-9931A21DC1D7}.Release|Any CPU.Build.0 = Release|Any CPU
		{D59EDDEE-C430-4744-9006-6079A49EAEEA}.Debug|Any CPU.ActiveCfg = Debug|Any CPU
		{D59EDDEE-C430-4744-9006-6079A49EAEEA}.Debug|Any CPU.Build.0 = Debug|Any CPU
		{D59EDDEE-C430-4744-9006-6079A49EAEEA}.Release|Any CPU.ActiveCfg = Release|Any CPU
		{D59EDDEE-C430-4744-9006-6079A49EAEEA}.Release|Any CPU.Build.0 = Release|Any CPU
	EndGlobalSection
	GlobalSection(SolutionProperties) = preSolution
		HideSolutionNode = FALSE
	EndGlobalSection
EndGlobal
